
Microsoft Visual Studio Solution File, Format Version 12.00
# Visual Studio Version 17
VisualStudioVersion = 17.1.32228.430
MinimumVisualStudioVersion = 10.0.40219.1
Project("{FAE04EC0-301F-11D3-BF4B-00C04F79EFBC}") = "Ejercicio01.Android", "Ejercicio01\Ejercicio01.Android\Ejercicio01.Android.csproj", "{CCF0851D-F698-4B20-9E62-592D4598AB0A}"
EndProject
Project("{FAE04EC0-301F-11D3-BF4B-00C04F79EFBC}") = "Ejercicio01.iOS", "Ejercicio01\Ejercicio01.iOS\Ejercicio01.iOS.csproj", "{0F11C378-8FF3-478B-9BC9-C0A6E2F62388}"
EndProject
Project("{FAE04EC0-301F-11D3-BF4B-00C04F79EFBC}") = "Ejercicio01", "Ejercicio01\Ejercicio01\Ejercicio01.csproj", "{619EE34A-B008-4587-BBFA-B35766E83C0C}"
EndProject
Global
	GlobalSection(SolutionConfigurationPlatforms) = preSolution
		Debug|Any CPU = Debug|Any CPU
		Debug|iPhone = Debug|iPhone
		Debug|iPhoneSimulator = Debug|iPhoneSimulator
		Release|Any CPU = Release|Any CPU
		Release|iPhone = Release|iPhone
		Release|iPhoneSimulator = Release|iPhoneSimulator
	EndGlobalSection
	GlobalSection(ProjectConfigurationPlatforms) = postSolution
		{CCF0851D-F698-4B20-9E62-592D4598AB0A}.Debug|Any CPU.ActiveCfg = Debug|Any CPU
		{CCF0851D-F698-4B20-9E62-592D4598AB0A}.Debug|Any CPU.Build.0 = Debug|Any CPU
		{CCF0851D-F698-4B20-9E62-592D4598AB0A}.Debug|Any CPU.Deploy.0 = Debug|Any CPU
		{CCF0851D-F698-4B20-9E62-592D4598AB0A}.Debug|iPhone.ActiveCfg = Debug|Any CPU
		{CCF0851D-F698-4B20-9E62-592D4598AB0A}.Debug|iPhone.Build.0 = Debug|Any CPU
		{CCF0851D-F698-4B20-9E62-592D4598AB0A}.Debug|iPhone.Deploy.0 = Debug|Any CPU
		{CCF0851D-F698-4B20-9E62-592D4598AB0A}.Debug|iPhoneSimulator.ActiveCfg = Debug|Any CPU
		{CCF0851D-F698-4B20-9E62-592D4598AB0A}.Debug|iPhoneSimulator.Build.0 = Debug|Any CPU
		{CCF0851D-F698-4B20-9E62-592D4598AB0A}.Debug|iPhoneSimulator.Deploy.0 = Debug|Any CPU
		{CCF0851D-F698-4B20-9E62-592D4598AB0A}.Release|Any CPU.ActiveCfg = Release|Any CPU
		{CCF0851D-F698-4B20-9E62-592D4598AB0A}.Release|Any CPU.Build.0 = Release|Any CPU
		{CCF0851D-F698-4B20-9E62-592D4598AB0A}.Release|Any CPU.Deploy.0 = Release|Any CPU
		{CCF0851D-F698-4B20-9E62-592D4598AB0A}.Release|iPhone.ActiveCfg = Release|Any CPU
		{CCF0851D-F698-4B20-9E62-592D4598AB0A}.Release|iPhone.Build.0 = Release|Any CPU
		{CCF0851D-F698-4B20-9E62-592D4598AB0A}.Release|iPhone.Deploy.0 = Release|Any CPU
		{CCF0851D-F698-4B20-9E62-592D4598AB0A}.Release|iPhoneSimulator.ActiveCfg = Release|Any CPU
		{CCF0851D-F698-4B20-9E62-592D4598AB0A}.Release|iPhoneSimulator.Build.0 = Release|Any CPU
		{CCF0851D-F698-4B20-9E62-592D4598AB0A}.Release|iPhoneSimulator.Deploy.0 = Release|Any CPU
		{0F11C378-8FF3-478B-9BC9-C0A6E2F62388}.Debug|Any CPU.ActiveCfg = Debug|iPhone
		{0F11C378-8FF3-478B-9BC9-C0A6E2F62388}.Debug|Any CPU.Build.0 = Debug|iPhone
		{0F11C378-8FF3-478B-9BC9-C0A6E2F62388}.Debug|Any CPU.Deploy.0 = Debug|iPhone
		{0F11C378-8FF3-478B-9BC9-C0A6E2F62388}.Debug|iPhone.ActiveCfg = Debug|iPhone
		{0F11C378-8FF3-478B-9BC9-C0A6E2F62388}.Debug|iPhone.Build.0 = Debug|iPhone
		{0F11C378-8FF3-478B-9BC9-C0A6E2F62388}.Debug|iPhone.Deploy.0 = Debug|iPhone
		{0F11C378-8FF3-478B-9BC9-C0A6E2F62388}.Debug|iPhoneSimulator.ActiveCfg = Debug|iPhoneSimulator
		{0F11C378-8FF3-478B-9BC9-C0A6E2F62388}.Debug|iPhoneSimulator.Build.0 = Debug|iPhoneSimulator
		{0F11C378-8FF3-478B-9BC9-C0A6E2F62388}.Debug|iPhoneSimulator.Deploy.0 = Debug|iPhoneSimulator
		{0F11C378-8FF3-478B-9BC9-C0A6E2F62388}.Release|Any CPU.ActiveCfg = Release|iPhoneSimulator
		{0F11C378-8FF3-478B-9BC9-C0A6E2F62388}.Release|Any CPU.Build.0 = Release|iPhoneSimulator
		{0F11C378-8FF3-478B-9BC9-C0A6E2F62388}.Release|Any CPU.Deploy.0 = Release|iPhoneSimulator
		{0F11C378-8FF3-478B-9BC9-C0A6E2F62388}.Release|iPhone.ActiveCfg = Release|iPhone
		{0F11C378-8FF3-478B-9BC9-C0A6E2F62388}.Release|iPhone.Build.0 = Release|iPhone
		{0F11C378-8FF3-478B-9BC9-C0A6E2F62388}.Release|iPhone.Deploy.0 = Release|iPhone
		{0F11C378-8FF3-478B-9BC9-C0A6E2F62388}.Release|iPhoneSimulator.ActiveCfg = Release|iPhoneSimulator
		{0F11C378-8FF3-478B-9BC9-C0A6E2F62388}.Release|iPhoneSimulator.Build.0 = Release|iPhoneSimulator
		{0F11C378-8FF3-478B-9BC9-C0A6E2F62388}.Release|iPhoneSimulator.Deploy.0 = Release|iPhoneSimulator
		{619EE34A-B008-4587-BBFA-B35766E83C0C}.Debug|Any CPU.ActiveCfg = Debug|Any CPU
		{619EE34A-B008-4587-BBFA-B35766E83C0C}.Debug|Any CPU.Build.0 = Debug|Any CPU
		{619EE34A-B008-4587-BBFA-B35766E83C0C}.Debug|Any CPU.Deploy.0 = Debug|Any CPU
		{619EE34A-B008-4587-BBFA-B35766E83C0C}.Debug|iPhone.ActiveCfg = Debug|Any CPU
		{619EE34A-B008-4587-BBFA-B35766E83C0C}.Debug|iPhone.Build.0 = Debug|Any CPU
		{619EE34A-B008-4587-BBFA-B35766E83C0C}.Debug|iPhone.Deploy.0 = Debug|Any CPU
		{619EE34A-B008-4587-BBFA-B35766E83C0C}.Debug|iPhoneSimulator.ActiveCfg = Debug|Any CPU
		{619EE34A-B008-4587-BBFA-B35766E83C0C}.Debug|iPhoneSimulator.Build.0 = Debug|Any CPU
		{619EE34A-B008-4587-BBFA-B35766E83C0C}.Debug|iPhoneSimulator.Deploy.0 = Debug|Any CPU
		{619EE34A-B008-4587-BBFA-B35766E83C0C}.Release|Any CPU.ActiveCfg = Release|Any CPU
		{619EE34A-B008-4587-BBFA-B35766E83C0C}.Release|Any CPU.Build.0 = Release|Any CPU
		{619EE34A-B008-4587-BBFA-B35766E83C0C}.Release|Any CPU.Deploy.0 = Release|Any CPU
		{619EE34A-B008-4587-BBFA-B35766E83C0C}.Release|iPhone.ActiveCfg = Release|Any CPU
		{619EE34A-B008-4587-BBFA-B35766E83C0C}.Release|iPhone.Build.0 = Release|Any CPU
		{619EE34A-B008-4587-BBFA-B35766E83C0C}.Release|iPhone.Deploy.0 = Release|Any CPU
		{619EE34A-B008-4587-BBFA-B35766E83C0C}.Release|iPhoneSimulator.ActiveCfg = Release|Any CPU
		{619EE34A-B008-4587-BBFA-B35766E83C0C}.Release|iPhoneSimulator.Build.0 = Release|Any CPU
		{619EE34A-B008-4587-BBFA-B35766E83C0C}.Release|iPhoneSimulator.Deploy.0 = Release|Any CPU
	EndGlobalSection
	GlobalSection(SolutionProperties) = preSolution
		HideSolutionNode = FALSE
	EndGlobalSection
	GlobalSection(ExtensibilityGlobals) = postSolution
		SolutionGuid = {17F9C700-F1F2-4ED0-972B-EC07128A5683}
	EndGlobalSection
EndGlobal
